
Microsoft Visual Studio Solution File, Format Version 12.00
# Visual Studio Version 16
VisualStudioVersion = 16.0.30320.27
MinimumVisualStudioVersion = 10.0.40219.1
Project("{FAE04EC0-301F-11D3-BF4B-00C04F79EFBC}") = "staj", "staj\staj.csproj", "{59886AD0-1AF6-4D02-9427-8CA9B909C81A}"
EndProject
Global
	GlobalSection(SolutionConfigurationPlatforms) = preSolution
		Debug|Any CPU = Debug|Any CPU
		Release|Any CPU = Release|Any CPU
	EndGlobalSection
	GlobalSection(ProjectConfigurationPlatforms) = postSolution
		{59886AD0-1AF6-4D02-9427-8CA9B909C81A}.Debug|Any CPU.ActiveCfg = Debug|Any CPU
		{59886AD0-1AF6-4D02-9427-8CA9B909C81A}.Debug|Any CPU.Build.0 = Debug|Any CPU
		{59886AD0-1AF6-4D02-9427-8CA9B909C81A}.Release|Any CPU.ActiveCfg = Release|Any CPU
		{59886AD0-1AF6-4D02-9427-8CA9B909C81A}.Release|Any CPU.Build.0 = Release|Any CPU
	EndGlobalSection
	GlobalSection(SolutionProperties) = preSolution
		HideSolutionNode = FALSE
	EndGlobalSection
	GlobalSection(ExtensibilityGlobals) = postSolution
		SolutionGuid = {215D36C0-DD35-467E-8F8C-6DEA08D0FAA1}
	EndGlobalSection
EndGlobal
